
Microsoft Visual Studio Solution File, Format Version 12.00
# Visual Studio Version 17
VisualStudioVersion = 17.3.32929.385
MinimumVisualStudioVersion = 10.0.40219.1
Project("{FAE04EC0-301F-11D3-BF4B-00C04F79EFBC}") = "Task1", "Task1\Task1.csproj", "{A9314AA9-DE17-4CE0-A3FB-5B5829E3E57B}"
EndProject
Project("{FAE04EC0-301F-11D3-BF4B-00C04F79EFBC}") = "Task2", "Task2\Task2.csproj", "{F1D5ECE5-B759-4483-AA86-434B6D876045}"
EndProject
Global
	GlobalSection(SolutionConfigurationPlatforms) = preSolution
		Debug|Any CPU = Debug|Any CPU
		Release|Any CPU = Release|Any CPU
	EndGlobalSection
	GlobalSection(ProjectConfigurationPlatforms) = postSolution
		{A9314AA9-DE17-4CE0-A3FB-5B5829E3E57B}.Debug|Any CPU.ActiveCfg = Debug|Any CPU
		{A9314AA9-DE17-4CE0-A3FB-5B5829E3E57B}.Debug|Any CPU.Build.0 = Debug|Any CPU
		{A9314AA9-DE17-4CE0-A3FB-5B5829E3E57B}.Release|Any CPU.ActiveCfg = Release|Any CPU
		{A9314AA9-DE17-4CE0-A3FB-5B5829E3E57B}.Release|Any CPU.Build.0 = Release|Any CPU
		{F1D5ECE5-B759-4483-AA86-434B6D876045}.Debug|Any CPU.ActiveCfg = Debug|Any CPU
		{F1D5ECE5-B759-4483-AA86-434B6D876045}.Debug|Any CPU.Build.0 = Debug|Any CPU
		{F1D5ECE5-B759-4483-AA86-434B6D876045}.Release|Any CPU.ActiveCfg = Release|Any CPU
		{F1D5ECE5-B759-4483-AA86-434B6D876045}.Release|Any CPU.Build.0 = Release|Any CPU
	EndGlobalSection
	GlobalSection(SolutionProperties) = preSolution
		HideSolutionNode = FALSE
	EndGlobalSection
	GlobalSection(ExtensibilityGlobals) = postSolution
		SolutionGuid = {E58AB692-FE36-4927-B9EC-604B9368E5EC}
	EndGlobalSection
EndGlobal
